
Microsoft Visual Studio Solution File, Format Version 12.00
# Visual Studio Version 16
VisualStudioVersion = 16.0.35130.168
MinimumVisualStudioVersion = 10.0.40219.1
Project("{FAE04EC0-301F-11D3-BF4B-00C04F79EFBC}") = "TrabajoTarjeta", "TrabajoTarjeta\TrabajoTarjeta.csproj", "{C900141C-F3A1-461A-9164-6231E81D5174}"
EndProject
Project("{FAE04EC0-301F-11D3-BF4B-00C04F79EFBC}") = "TestTarjeta", "TestTarjeta\TestTarjeta.csproj", "{20E15C8D-623D-459F-94DC-B9FA6F019853}"
EndProject
Global
	GlobalSection(SolutionConfigurationPlatforms) = preSolution
		Debug|Any CPU = Debug|Any CPU
		Release|Any CPU = Release|Any CPU
	EndGlobalSection
	GlobalSection(ProjectConfigurationPlatforms) = postSolution
		{C900141C-F3A1-461A-9164-6231E81D5174}.Debug|Any CPU.ActiveCfg = Debug|Any CPU
		{C900141C-F3A1-461A-9164-6231E81D5174}.Debug|Any CPU.Build.0 = Debug|Any CPU
		{C900141C-F3A1-461A-9164-6231E81D5174}.Release|Any CPU.ActiveCfg = Release|Any CPU
		{C900141C-F3A1-461A-9164-6231E81D5174}.Release|Any CPU.Build.0 = Release|Any CPU
		{20E15C8D-623D-459F-94DC-B9FA6F019853}.Debug|Any CPU.ActiveCfg = Debug|Any CPU
		{20E15C8D-623D-459F-94DC-B9FA6F019853}.Debug|Any CPU.Build.0 = Debug|Any CPU
		{20E15C8D-623D-459F-94DC-B9FA6F019853}.Release|Any CPU.ActiveCfg = Release|Any CPU
		{20E15C8D-623D-459F-94DC-B9FA6F019853}.Release|Any CPU.Build.0 = Release|Any CPU
	EndGlobalSection
	GlobalSection(SolutionProperties) = preSolution
		HideSolutionNode = FALSE
	EndGlobalSection
	GlobalSection(ExtensibilityGlobals) = postSolution
		SolutionGuid = {C5BF7372-1D31-4EF3-88F7-C4158181DFB2}
	EndGlobalSection
EndGlobal
